
Microsoft Visual Studio Solution File, Format Version 12.00
# Visual Studio Version 16
VisualStudioVersion = 16.0.29519.87
MinimumVisualStudioVersion = 10.0.40219.1
Project("{FAE04EC0-301F-11D3-BF4B-00C04F79EFBC}") = "Agile.NET-Deobfuscator-DNLIB", "Agile.NET-Deobfuscator-DNLIB\Agile.NET-Deobfuscator-DNLIB.csproj", "{84535BC5-13F1-4981-A3BA-49A5709430FD}"
EndProject
Global
	GlobalSection(SolutionConfigurationPlatforms) = preSolution
		Debug|Any CPU = Debug|Any CPU
		Release|Any CPU = Release|Any CPU
	EndGlobalSection
	GlobalSection(ProjectConfigurationPlatforms) = postSolution
		{84535BC5-13F1-4981-A3BA-49A5709430FD}.Debug|Any CPU.ActiveCfg = Debug|Any CPU
		{84535BC5-13F1-4981-A3BA-49A5709430FD}.Debug|Any CPU.Build.0 = Debug|Any CPU
		{84535BC5-13F1-4981-A3BA-49A5709430FD}.Release|Any CPU.ActiveCfg = Release|Any CPU
		{84535BC5-13F1-4981-A3BA-49A5709430FD}.Release|Any CPU.Build.0 = Release|Any CPU
	EndGlobalSection
	GlobalSection(SolutionProperties) = preSolution
		HideSolutionNode = FALSE
	EndGlobalSection
	GlobalSection(ExtensibilityGlobals) = postSolution
		SolutionGuid = {0E20761C-321E-414D-8AB6-59F69E50B348}
	EndGlobalSection
EndGlobal
